
Microsoft Visual Studio Solution File, Format Version 12.00
# Visual Studio Version 17
VisualStudioVersion = 17.8.34525.116
MinimumVisualStudioVersion = 10.0.40219.1
Project("{FAE04EC0-301F-11D3-BF4B-00C04F79EFBC}") = "0125.ValidPalindrome", "0125.ValidPalindrome.csproj", "{721C08A5-7863-4ED0-982D-82C0301D541E}"
EndProject
Global
	GlobalSection(SolutionConfigurationPlatforms) = preSolution
		Debug|Any CPU = Debug|Any CPU
		Release|Any CPU = Release|Any CPU
	EndGlobalSection
	GlobalSection(ProjectConfigurationPlatforms) = postSolution
		{721C08A5-7863-4ED0-982D-82C0301D541E}.Debug|Any CPU.ActiveCfg = Debug|Any CPU
		{721C08A5-7863-4ED0-982D-82C0301D541E}.Debug|Any CPU.Build.0 = Debug|Any CPU
		{721C08A5-7863-4ED0-982D-82C0301D541E}.Release|Any CPU.ActiveCfg = Release|Any CPU
		{721C08A5-7863-4ED0-982D-82C0301D541E}.Release|Any CPU.Build.0 = Release|Any CPU
	EndGlobalSection
	GlobalSection(SolutionProperties) = preSolution
		HideSolutionNode = FALSE
	EndGlobalSection
	GlobalSection(ExtensibilityGlobals) = postSolution
		SolutionGuid = {8A9FB478-0A94-4BD7-B60C-601A64D85A21}
	EndGlobalSection
EndGlobal
