
Microsoft Visual Studio Solution File, Format Version 12.00
# Visual Studio Version 17
VisualStudioVersion = 17.14.36301.6 d17.14
MinimumVisualStudioVersion = 10.0.40219.1
Project("{FAE04EC0-301F-11D3-BF4B-00C04F79EFBC}") = "0020.ValidParentheses", "0020.ValidParentheses.csproj", "{5DDB3CB7-2F43-44DA-886B-64FDD5AB581F}"
EndProject
Global
	GlobalSection(SolutionConfigurationPlatforms) = preSolution
		Debug|Any CPU = Debug|Any CPU
		Release|Any CPU = Release|Any CPU
	EndGlobalSection
	GlobalSection(ProjectConfigurationPlatforms) = postSolution
		{5DDB3CB7-2F43-44DA-886B-64FDD5AB581F}.Debug|Any CPU.ActiveCfg = Debug|Any CPU
		{5DDB3CB7-2F43-44DA-886B-64FDD5AB581F}.Debug|Any CPU.Build.0 = Debug|Any CPU
		{5DDB3CB7-2F43-44DA-886B-64FDD5AB581F}.Release|Any CPU.ActiveCfg = Release|Any CPU
		{5DDB3CB7-2F43-44DA-886B-64FDD5AB581F}.Release|Any CPU.Build.0 = Release|Any CPU
	EndGlobalSection
	GlobalSection(SolutionProperties) = preSolution
		HideSolutionNode = FALSE
	EndGlobalSection
	GlobalSection(ExtensibilityGlobals) = postSolution
		SolutionGuid = {32D1931F-9884-4F0F-882C-8A47AF556072}
	EndGlobalSection
EndGlobal
