
Microsoft Visual Studio Solution File, Format Version 12.00
# Visual Studio Version 17
VisualStudioVersion = 17.14.36301.6 d17.14
MinimumVisualStudioVersion = 10.0.40219.1
Project("{FAE04EC0-301F-11D3-BF4B-00C04F79EFBC}") = "0011.ContainerWithMostWater", "0011.ContainerWithMostWater.csproj", "{67CAC8EF-18A4-4A0D-86D2-8D4ECB42694A}"
EndProject
Global
	GlobalSection(SolutionConfigurationPlatforms) = preSolution
		Debug|Any CPU = Debug|Any CPU
		Release|Any CPU = Release|Any CPU
	EndGlobalSection
	GlobalSection(ProjectConfigurationPlatforms) = postSolution
		{67CAC8EF-18A4-4A0D-86D2-8D4ECB42694A}.Debug|Any CPU.ActiveCfg = Debug|Any CPU
		{67CAC8EF-18A4-4A0D-86D2-8D4ECB42694A}.Debug|Any CPU.Build.0 = Debug|Any CPU
		{67CAC8EF-18A4-4A0D-86D2-8D4ECB42694A}.Release|Any CPU.ActiveCfg = Release|Any CPU
		{67CAC8EF-18A4-4A0D-86D2-8D4ECB42694A}.Release|Any CPU.Build.0 = Release|Any CPU
	EndGlobalSection
	GlobalSection(SolutionProperties) = preSolution
		HideSolutionNode = FALSE
	EndGlobalSection
	GlobalSection(ExtensibilityGlobals) = postSolution
		SolutionGuid = {82B8D162-9464-43F5-8EA2-A02385EA14D5}
	EndGlobalSection
EndGlobal
