
Microsoft Visual Studio Solution File, Format Version 12.00
# Visual Studio Version 17
VisualStudioVersion = 17.14.36301.6 d17.14
MinimumVisualStudioVersion = 10.0.40219.1
Project("{FAE04EC0-301F-11D3-BF4B-00C04F79EFBC}") = "0150.EvaluateReversePolishNotation", "0150.EvaluateReversePolishNotation.csproj", "{A122F8E4-E50D-441F-B3F1-9026214C3896}"
EndProject
Global
	GlobalSection(SolutionConfigurationPlatforms) = preSolution
		Debug|Any CPU = Debug|Any CPU
		Release|Any CPU = Release|Any CPU
	EndGlobalSection
	GlobalSection(ProjectConfigurationPlatforms) = postSolution
		{A122F8E4-E50D-441F-B3F1-9026214C3896}.Debug|Any CPU.ActiveCfg = Debug|Any CPU
		{A122F8E4-E50D-441F-B3F1-9026214C3896}.Debug|Any CPU.Build.0 = Debug|Any CPU
		{A122F8E4-E50D-441F-B3F1-9026214C3896}.Release|Any CPU.ActiveCfg = Release|Any CPU
		{A122F8E4-E50D-441F-B3F1-9026214C3896}.Release|Any CPU.Build.0 = Release|Any CPU
	EndGlobalSection
	GlobalSection(SolutionProperties) = preSolution
		HideSolutionNode = FALSE
	EndGlobalSection
	GlobalSection(ExtensibilityGlobals) = postSolution
		SolutionGuid = {D2CF7FFC-75C4-4C28-930C-CF13A0706D37}
	EndGlobalSection
EndGlobal
