
Microsoft Visual Studio Solution File, Format Version 12.00
# Visual Studio Version 17
VisualStudioVersion = 17.13.35825.156 d17.13
MinimumVisualStudioVersion = 10.0.40219.1
Project("{FAE04EC0-301F-11D3-BF4B-00C04F79EFBC}") = "0167.TwoSumII-InputArrayIsSorted", "0167.TwoSumII-InputArrayIsSorted.csproj", "{E45DA289-6B0B-6CA2-0F7F-1C77F758B368}"
EndProject
Global
	GlobalSection(SolutionConfigurationPlatforms) = preSolution
		Debug|Any CPU = Debug|Any CPU
		Release|Any CPU = Release|Any CPU
	EndGlobalSection
	GlobalSection(ProjectConfigurationPlatforms) = postSolution
		{E45DA289-6B0B-6CA2-0F7F-1C77F758B368}.Debug|Any CPU.ActiveCfg = Debug|Any CPU
		{E45DA289-6B0B-6CA2-0F7F-1C77F758B368}.Debug|Any CPU.Build.0 = Debug|Any CPU
		{E45DA289-6B0B-6CA2-0F7F-1C77F758B368}.Release|Any CPU.ActiveCfg = Release|Any CPU
		{E45DA289-6B0B-6CA2-0F7F-1C77F758B368}.Release|Any CPU.Build.0 = Release|Any CPU
	EndGlobalSection
	GlobalSection(SolutionProperties) = preSolution
		HideSolutionNode = FALSE
	EndGlobalSection
	GlobalSection(ExtensibilityGlobals) = postSolution
		SolutionGuid = {F519BFDB-CF1D-43BC-8CFB-1F13A2D6F1E4}
	EndGlobalSection
EndGlobal
