
Microsoft Visual Studio Solution File, Format Version 12.00
# Visual Studio Version 17
VisualStudioVersion = 17.14.36203.30 d17.14
MinimumVisualStudioVersion = 10.0.40219.1
Project("{FAE04EC0-301F-11D3-BF4B-00C04F79EFBC}") = "0036.ValidSudoku", "0036.ValidSudoku.csproj", "{74F2F37E-987B-439C-B28C-3F12C3729E7B}"
EndProject
Global
	GlobalSection(SolutionConfigurationPlatforms) = preSolution
		Debug|Any CPU = Debug|Any CPU
		Release|Any CPU = Release|Any CPU
	EndGlobalSection
	GlobalSection(ProjectConfigurationPlatforms) = postSolution
		{74F2F37E-987B-439C-B28C-3F12C3729E7B}.Debug|Any CPU.ActiveCfg = Debug|Any CPU
		{74F2F37E-987B-439C-B28C-3F12C3729E7B}.Debug|Any CPU.Build.0 = Debug|Any CPU
		{74F2F37E-987B-439C-B28C-3F12C3729E7B}.Release|Any CPU.ActiveCfg = Release|Any CPU
		{74F2F37E-987B-439C-B28C-3F12C3729E7B}.Release|Any CPU.Build.0 = Release|Any CPU
	EndGlobalSection
	GlobalSection(SolutionProperties) = preSolution
		HideSolutionNode = FALSE
	EndGlobalSection
	GlobalSection(ExtensibilityGlobals) = postSolution
		SolutionGuid = {2A6CC6D3-0908-4C84-88C5-175A3477B01E}
	EndGlobalSection
EndGlobal
